{
  "nodes": {
    "dotfiles": {
      "flake": false,
      "locked": {
        "lastModified": 1748909511,
        "narHash": "sha256-E5LjO0iWpV/2xTI3TnOakf0HR1p3j+W/SfK19KmHjQU=",
        "owner": "whitestarrain",
        "repo": "dotfiles",
        "rev": "6c5059fa407caedf0d3997f6575016d16632e48b",
        "type": "github"
      },
      "original": {
        "owner": "whitestarrain",
        "repo": "dotfiles",
        "type": "github"
      }
    },
    "flake-parts": {
      "inputs": {
        "nixpkgs-lib": "nixpkgs-lib"
      },
      "locked": {
        "lastModified": 1743550720,
        "narHash": "sha256-hIshGgKZCgWh6AYJpJmRgFdR3WUbkY04o82X05xqQiY=",
        "owner": "hercules-ci",
        "repo": "flake-parts",
        "rev": "c621e8422220273271f52058f618c94e405bb0f5",
        "type": "github"
      },
      "original": {
        "owner": "hercules-ci",
        "repo": "flake-parts",
        "type": "github"
      }
    },
    "flake-parts_2": {
      "inputs": {
        "nixpkgs-lib": [
          "nur",
          "nixpkgs"
        ]
      },
      "locked": {
        "lastModified": 1733312601,
        "narHash": "sha256-4pDvzqnegAfRkPwO3wmwBhVi/Sye1mzps0zHWYnP88c=",
        "owner": "hercules-ci",
        "repo": "flake-parts",
        "rev": "205b12d8b7cd4802fbcb8e8ef6a0f1408781a4f9",
        "type": "github"
      },
      "original": {
        "owner": "hercules-ci",
        "repo": "flake-parts",
        "type": "github"
      }
    },
    "flake-registry": {
      "flake": false,
      "locked": {
        "lastModified": 1744623129,
        "narHash": "sha256-nlQTQrHqM+ywXN0evDXnYEV6z6WWZB5BFQ2TkXsduKw=",
        "owner": "nixos",
        "repo": "flake-registry",
        "rev": "1322f33d5836ae757d2e6190239252cf8402acf6",
        "type": "github"
      },
      "original": {
        "owner": "nixos",
        "repo": "flake-registry",
        "type": "github"
      }
    },
    "home-manager": {
      "inputs": {
        "nixpkgs": [
          "nixpkgs"
        ]
      },
      "locked": {
        "lastModified": 1748665073,
        "narHash": "sha256-RMhjnPKWtCoIIHiuR9QKD7xfsKb3agxzMfJY8V9MOew=",
        "owner": "nix-community",
        "repo": "home-manager",
        "rev": "282e1e029cb6ab4811114fc85110613d72771dea",
        "type": "github"
      },
      "original": {
        "owner": "nix-community",
        "ref": "release-25.05",
        "repo": "home-manager",
        "type": "github"
      }
    },
    "nix-gaming": {
      "inputs": {
        "flake-parts": "flake-parts",
        "nixpkgs": "nixpkgs"
      },
      "locked": {
        "lastModified": 1749088624,
        "narHash": "sha256-yYjM2AG+0ouhRQ9h29kwsyQxSBOEpo8+gaBTuiE4bMM=",
        "owner": "fufexan",
        "repo": "nix-gaming",
        "rev": "3b6bdf5eb5fb50e7f3282134bc93e1dd5906beb0",
        "type": "github"
      },
      "original": {
        "owner": "fufexan",
        "repo": "nix-gaming",
        "type": "github"
      }
    },
    "nixos-hardware": {
      "locked": {
        "lastModified": 1749056381,
        "narHash": "sha256-QITcurR19KZlrCngBoCjsFF2BdYsiCG4UqmlrVcLb8Q=",
        "owner": "NixOS",
        "repo": "nixos-hardware",
        "rev": "029bd66faa180e11262dd1bc2732254c33415f52",
        "type": "github"
      },
      "original": {
        "owner": "NixOS",
        "ref": "master",
        "repo": "nixos-hardware",
        "type": "github"
      }
    },
    "nixpkgs": {
      "locked": {
        "lastModified": 1748662220,
        "narHash": "sha256-7gGa49iB9nCnFk4h/g9zwjlQAyjtpgcFkODjcOQS0Es=",
        "owner": "NixOS",
        "repo": "nixpkgs",
        "rev": "59138c7667b7970d205d6a05a8bfa2d78caa3643",
        "type": "github"
      },
      "original": {
        "owner": "NixOS",
        "ref": "nixpkgs-unstable",
        "repo": "nixpkgs",
        "type": "github"
      }
    },
    "nixpkgs-lib": {
      "locked": {
        "lastModified": 1743296961,
        "narHash": "sha256-b1EdN3cULCqtorQ4QeWgLMrd5ZGOjLSLemfa00heasc=",
        "owner": "nix-community",
        "repo": "nixpkgs.lib",
        "rev": "e4822aea2a6d1cdd36653c134cacfd64c97ff4fa",
        "type": "github"
      },
      "original": {
        "owner": "nix-community",
        "repo": "nixpkgs.lib",
        "type": "github"
      }
    },
    "nixpkgs-unstable": {
      "locked": {
        "lastModified": 1748929857,
        "narHash": "sha256-lcZQ8RhsmhsK8u7LIFsJhsLh/pzR9yZ8yqpTzyGdj+Q=",
        "owner": "NixOS",
        "repo": "nixpkgs",
        "rev": "c2a03962b8e24e669fb37b7df10e7c79531ff1a4",
        "type": "github"
      },
      "original": {
        "owner": "NixOS",
        "ref": "nixos-unstable",
        "repo": "nixpkgs",
        "type": "github"
      }
    },
    "nixpkgs_2": {
      "locked": {
        "lastModified": 1749024892,
        "narHash": "sha256-OGcDEz60TXQC+gVz5sdtgGJdKVYr6rwdzQKuZAJQpCA=",
        "owner": "NixOS",
        "repo": "nixpkgs",
        "rev": "8f1b52b04f2cb6e5ead50bd28d76528a2f0380ef",
        "type": "github"
      },
      "original": {
        "owner": "NixOS",
        "ref": "nixos-25.05",
        "repo": "nixpkgs",
        "type": "github"
      }
    },
    "nixpkgs_3": {
      "locked": {
        "lastModified": 1748929857,
        "narHash": "sha256-lcZQ8RhsmhsK8u7LIFsJhsLh/pzR9yZ8yqpTzyGdj+Q=",
        "owner": "nixos",
        "repo": "nixpkgs",
        "rev": "c2a03962b8e24e669fb37b7df10e7c79531ff1a4",
        "type": "github"
      },
      "original": {
        "owner": "nixos",
        "ref": "nixos-unstable",
        "repo": "nixpkgs",
        "type": "github"
      }
    },
    "nur": {
      "inputs": {
        "flake-parts": "flake-parts_2",
        "nixpkgs": "nixpkgs_3",
        "treefmt-nix": "treefmt-nix"
      },
      "locked": {
        "lastModified": 1749092205,
        "narHash": "sha256-2QTM4E7QljCYsGNnCiibgFjx/K5hvQ7VkCHDY05rU4Y=",
        "owner": "nix-community",
        "repo": "NUR",
        "rev": "bf9746362fc9a50cdf053883f0c06a4d9b93e3ca",
        "type": "github"
      },
      "original": {
        "owner": "nix-community",
        "repo": "NUR",
        "type": "github"
      }
    },
    "root": {
      "inputs": {
        "dotfiles": "dotfiles",
        "flake-registry": "flake-registry",
        "home-manager": "home-manager",
        "nix-gaming": "nix-gaming",
        "nixos-hardware": "nixos-hardware",
        "nixpkgs": "nixpkgs_2",
        "nixpkgs-unstable": "nixpkgs-unstable",
        "nur": "nur"
      }
    },
    "treefmt-nix": {
      "inputs": {
        "nixpkgs": [
          "nur",
          "nixpkgs"
        ]
      },
      "locked": {
        "lastModified": 1733222881,
        "narHash": "sha256-JIPcz1PrpXUCbaccEnrcUS8jjEb/1vJbZz5KkobyFdM=",
        "owner": "numtide",
        "repo": "treefmt-nix",
        "rev": "49717b5af6f80172275d47a418c9719a31a78b53",
        "type": "github"
      },
      "original": {
        "owner": "numtide",
        "repo": "treefmt-nix",
        "type": "github"
      }
    }
  },
  "root": "root",
  "version": 7
}
